<?xml version="1.0" encoding="utf-8"?>
<Project ToolsVersion="4.0" xmlns="http://schemas.microsoft.com/developer/msbuild/2003">
  <ItemGroup>
    <Filter Include="Header Files">
      <UniqueIdentifier>{93995380-89BD-4b04-88EB-625FBE52EBFB}</UniqueIdentifier>
      <Extensions>h;hpp;hxx;hm;inl;inc;xsd</Extensions>
    </Filter>
    <Filter Include="Resource Files">
      <UniqueIdentifier>{67DA6AB6-F800-4c08-8B7A-83BB121AAD01}</UniqueIdentifier>
      <Extensions>rc;ico;cur;bmp;dlg;rc2;rct;bin;rgs;gif;jpg;jpeg;jpe;resx</Extensions>
    </Filter>
    <Filter Include="Source Files">
      <UniqueIdentifier>{4FC737F1-C7A5-4376-A066-2A32D752A2FF}</UniqueIdentifier>
      <Extensions>cpp;c;cc;cxx;def;odl;idl;hpj;bat;asm;asmx</Extensions>
    </Filter>
  </ItemGroup>
  <ItemGroup>
    <ClInclude Include="..\src\Alignment.h">
      <Filter>Header Files</Filter>
    </ClInclude>
    <ClInclude Include="..\src\Arithmetic.h">
      <Filter>Header Files</Filter>
    </ClInclude>
    <ClInclude Include="..\src\Calculus.h">
      <Filter>Header Files</Filter>
    </ClInclude>
    <ClInclude Include="..\src\Color.h">
      <Filter>Header Files</Filter>
    </ClInclude>
    <ClInclude Include="..\src\Complex.h">
      <Filter>Header Files</Filter>
    </ClInclude>
    <ClInclude Include="..\src\Control.h">
      <Filter>Header Files</Filter>
    </ClInclude>
    <ClInclude Include="..\src\Convolve.h">
      <Filter>Header Files</Filter>
    </ClInclude>
    <ClInclude Include="..\src\DenseGrid.h">
      <Filter>Header Files</Filter>
    </ClInclude>
    <ClInclude Include="..\src\DFT.h">
      <Filter>Header Files</Filter>
    </ClInclude>
    <ClInclude Include="..\src\Display.h">
      <Filter>Header Files</Filter>
    </ClInclude>
    <ClInclude Include="..\src\DisplayWindow.h">
      <Filter>Header Files</Filter>
    </ClInclude>
    <ClInclude Include="..\src\Dual.h">
      <Filter>Header Files</Filter>
    </ClInclude>
    <ClInclude Include="..\src\eigenvectors.h">
      <Filter>Header Files</Filter>
    </ClInclude>
    <ClInclude Include="..\src\Exception.h">
      <Filter>Header Files</Filter>
    </ClInclude>
    <ClInclude Include="..\src\File.h">
      <Filter>Header Files</Filter>
    </ClInclude>
    <ClInclude Include="..\src\FileNotImplemented.h">
      <Filter>Header Files</Filter>
    </ClInclude>
    <ClInclude Include="..\src\Filter.h">
      <Filter>Header Files</Filter>
    </ClInclude>
    <ClInclude Include="..\src\GaussTransform.h">
      <Filter>Header Files</Filter>
    </ClInclude>
    <ClInclude Include="..\src\Geometry.h">
      <Filter>Header Files</Filter>
    </ClInclude>
    <ClInclude Include="..\src\GKDTree.h">
      <Filter>Header Files</Filter>
    </ClInclude>
    <ClInclude Include="..\src\HDR.h">
      <Filter>Header Files</Filter>
    </ClInclude>
    <ClInclude Include="..\src\Image.h">
      <Filter>Header Files</Filter>
    </ClInclude>
    <ClInclude Include="..\src\LightField.h">
      <Filter>Header Files</Filter>
    </ClInclude>
    <ClInclude Include="..\src\LinearAlgebra.h">
      <Filter>Header Files</Filter>
    </ClInclude>
    <ClInclude Include="..\src\macros.h">
      <Filter>Header Files</Filter>
    </ClInclude>
    <ClInclude Include="..\src\main.h">
      <Filter>Header Files</Filter>
    </ClInclude>
    <ClInclude Include="..\src\Network.h">
      <Filter>Header Files</Filter>
    </ClInclude>
    <ClInclude Include="..\src\NetworkOps.h">
      <Filter>Header Files</Filter>
    </ClInclude>
    <ClInclude Include="..\src\Operation.h">
      <Filter>Header Files</Filter>
    </ClInclude>
    <ClInclude Include="..\src\Paint.h">
      <Filter>Header Files</Filter>
    </ClInclude>
    <ClInclude Include="..\src\Panorama.h">
      <Filter>Header Files</Filter>
    </ClInclude>
    <ClInclude Include="..\src\Parser.h">
      <Filter>Header Files</Filter>
    </ClInclude>
    <ClInclude Include="..\src\PatchMatch.h">
      <Filter>Header Files</Filter>
    </ClInclude>
    <ClInclude Include="..\src\Permutohedral.h">
      <Filter>Header Files</Filter>
    </ClInclude>
    <ClInclude Include="..\src\Prediction.h">
      <Filter>Header Files</Filter>
    </ClInclude>
    <ClInclude Include="..\src\Projection.h">
      <Filter>Header Files</Filter>
    </ClInclude>
    <ClInclude Include="..\src\Stack.h">
      <Filter>Header Files</Filter>
    </ClInclude>
    <ClInclude Include="..\src\Statistics.h">
      <Filter>Header Files</Filter>
    </ClInclude>
    <ClInclude Include="..\src\tables.h">
      <Filter>Header Files</Filter>
    </ClInclude>
    <ClInclude Include="..\src\Wavelet.h">
      <Filter>Header Files</Filter>
    </ClInclude>
    <ClInclude Include="..\src\WLS.h">
      <Filter>Header Files</Filter>
    </ClInclude>
    <ClInclude Include="..\src\LAHBPCG.h">
      <Filter>Header Files</Filter>
    </ClInclude>
  </ItemGroup>
  <ItemGroup>
    <ClCompile Include="..\src\Alignment.cpp">
      <Filter>Source Files</Filter>
    </ClCompile>
    <ClCompile Include="..\src\Arithmetic.cpp">
      <Filter>Source Files</Filter>
    </ClCompile>
    <ClCompile Include="..\src\Calculus.cpp">
      <Filter>Source Files</Filter>
    </ClCompile>
    <ClCompile Include="..\src\Color.cpp">
      <Filter>Source Files</Filter>
    </ClCompile>
    <ClCompile Include="..\src\Complex.cpp">
      <Filter>Source Files</Filter>
    </ClCompile>
    <ClCompile Include="..\src\Control.cpp">
      <Filter>Source Files</Filter>
    </ClCompile>
    <ClCompile Include="..\src\Convolve.cpp">
      <Filter>Source Files</Filter>
    </ClCompile>
    <ClCompile Include="..\src\DFT.cpp">
      <Filter>Source Files</Filter>
    </ClCompile>
    <ClCompile Include="..\src\Display.cpp">
      <Filter>Source Files</Filter>
    </ClCompile>
    <ClCompile Include="..\src\DisplayWindow.cpp">
      <Filter>Source Files</Filter>
    </ClCompile>
    <ClCompile Include="..\src\Exception.cpp">
      <Filter>Source Files</Filter>
    </ClCompile>
    <ClCompile Include="..\src\File.cpp">
      <Filter>Source Files</Filter>
    </ClCompile>
    <ClCompile Include="..\src\FileCSV.cpp">
      <Filter>Source Files</Filter>
    </ClCompile>
    <ClCompile Include="..\src\FileEXR.cpp">
      <Filter>Source Files</Filter>
    </ClCompile>
    <ClCompile Include="..\src\FileFLO.cpp">
      <Filter>Source Files</Filter>
    </ClCompile>
    <ClCompile Include="..\src\FileHDR.cpp">
      <Filter>Source Files</Filter>
    </ClCompile>
    <ClCompile Include="..\src\FileJPG.cpp">
      <Filter>Source Files</Filter>
    </ClCompile>
    <ClCompile Include="..\src\FilePNG.cpp">
      <Filter>Source Files</Filter>
    </ClCompile>
    <ClCompile Include="..\src\FilePPM.cpp">
      <Filter>Source Files</Filter>
    </ClCompile>
    <ClCompile Include="..\src\FileTGA.cpp">
      <Filter>Source Files</Filter>
    </ClCompile>
    <ClCompile Include="..\src\FileTIFF.cpp">
      <Filter>Source Files</Filter>
    </ClCompile>
    <ClCompile Include="..\src\FileTMP.cpp">
      <Filter>Source Files</Filter>
    </ClCompile>
    <ClCompile Include="..\src\FileWAV.cpp">
      <Filter>Source Files</Filter>
    </ClCompile>
    <ClCompile Include="..\src\Filter.cpp">
      <Filter>Source Files</Filter>
    </ClCompile>
    <ClCompile Include="..\src\GaussTransform.cpp">
      <Filter>Source Files</Filter>
    </ClCompile>
    <ClCompile Include="..\src\Geometry.cpp">
      <Filter>Source Files</Filter>
    </ClCompile>
    <ClCompile Include="..\src\HDR.cpp">
      <Filter>Source Files</Filter>
    </ClCompile>
    <ClCompile Include="..\src\Image.cpp">
      <Filter>Source Files</Filter>
    </ClCompile>
    <ClCompile Include="..\src\LightField.cpp">
      <Filter>Source Files</Filter>
    </ClCompile>
    <ClCompile Include="..\src\main.cpp">
      <Filter>Source Files</Filter>
    </ClCompile>
    <ClCompile Include="..\src\Network.cpp">
      <Filter>Source Files</Filter>
    </ClCompile>
    <ClCompile Include="..\src\NetworkOps.cpp">
      <Filter>Source Files</Filter>
    </ClCompile>
    <ClCompile Include="..\src\Operation.cpp">
      <Filter>Source Files</Filter>
    </ClCompile>
    <ClCompile Include="..\src\Paint.cpp">
      <Filter>Source Files</Filter>
    </ClCompile>
    <ClCompile Include="..\src\Panorama.cpp">
      <Filter>Source Files</Filter>
    </ClCompile>
    <ClCompile Include="..\src\Parser.cpp">
      <Filter>Source Files</Filter>
    </ClCompile>
    <ClCompile Include="..\src\PatchMatch.cpp">
      <Filter>Source Files</Filter>
    </ClCompile>
    <ClCompile Include="..\src\Prediction.cpp">
      <Filter>Source Files</Filter>
    </ClCompile>
    <ClCompile Include="..\src\Projection.cpp">
      <Filter>Source Files</Filter>
    </ClCompile>
    <ClCompile Include="..\src\Stack.cpp">
      <Filter>Source Files</Filter>
    </ClCompile>
    <ClCompile Include="..\src\Statistics.cpp">
      <Filter>Source Files</Filter>
    </ClCompile>
    <ClCompile Include="..\src\Wavelet.cpp">
      <Filter>Source Files</Filter>
    </ClCompile>
    <ClCompile Include="..\src\LAHBPCG.cpp">
      <Filter>Source Files</Filter>
    </ClCompile>
    <ClCompile Include="..\src\WLS.cpp">
      <Filter>Source Files</Filter>
    </ClCompile>
  </ItemGroup>
</Project>